// !$*UTF8*$!
{
	archiveVersion = 1;
	classes = {
	};
	objectVersion = 50;
	objects = {

/* Begin PBXBuildFile section */
		28156DCD210722A90076D03D /* AppDelegate.swift in Sources */ = {isa = PBXBuildFile; fileRef = 28156DCC210722A90076D03D /* AppDelegate.swift */; };
		28156DD2210722A90076D03D /* Main.storyboard in Resources */ = {isa = PBXBuildFile; fileRef = 28156DD0210722A90076D03D /* Main.storyboard */; };
		28156DD4210722AA0076D03D /* Assets.xcassets in Resources */ = {isa = PBXBuildFile; fileRef = 28156DD3210722AA0076D03D /* Assets.xcassets */; };
		28156DD7210722AA0076D03D /* LaunchScreen.storyboard in Resources */ = {isa = PBXBuildFile; fileRef = 28156DD5210722AA0076D03D /* LaunchScreen.storyboard */; };
		28156DE0210722F00076D03D /* TaskCell.swift in Sources */ = {isa = PBXBuildFile; fileRef = 28156DDE210722F00076D03D /* TaskCell.swift */; };
		28156DE1210722F00076D03D /* TaskCell.xib in Resources */ = {isa = PBXBuildFile; fileRef = 28156DDF210722F00076D03D /* TaskCell.xib */; };
		28156DE3210723000076D03D /* CollectionViewController.swift in Sources */ = {isa = PBXBuildFile; fileRef = 28156DE2210723000076D03D /* CollectionViewController.swift */; };
		28156DE5210723C10076D03D /* TaskCell2.swift in Sources */ = {isa = PBXBuildFile; fileRef = 28156DE4210723C10076D03D /* TaskCell2.swift */; };
		287D76C2210726B60015EF46 /* CusCollectionViewCell.swift in Sources */ = {isa = PBXBuildFile; fileRef = 287D76C1210726B60015EF46 /* CusCollectionViewCell.swift */; };
/* End PBXBuildFile section */

/* Begin PBXFileReference section */
		28156DC9210722A90076D03D /* jvhjvkbkjv.app */ = {isa = PBXFileReference; explicitFileType = wrapper.application; includeInIndex = 0; path = jvhjvkbkjv.app; sourceTree = BUILT_PRODUCTS_DIR; };
		28156DCC210722A90076D03D /* AppDelegate.swift */ = {isa = PBXFileReference; lastKnownFileType = sourcecode.swift; path = AppDelegate.swift; sourceTree = "<group>"; };
		28156DD1210722A90076D03D /* Base */ = {isa = PBXFileReference; lastKnownFileType = file.storyboard; name = Base; path = Base.lproj/Main.storyboard; sourceTree = "<group>"; };
		28156DD3210722AA0076D03D /* Assets.xcassets */ = {isa = PBXFileReference; lastKnownFileType = folder.assetcatalog; path = Assets.xcassets; sourceTree = "<group>"; };
		28156DD6210722AA0076D03D /* Base */ = {isa = PBXFileReference; lastKnownFileType = file.storyboard; name = Base; path = Base.lproj/LaunchScreen.storyboard; sourceTree = "<group>"; };
		28156DD8210722AA0076D03D /* Info.plist */ = {isa = PBXFileReference; lastKnownFileType = text.plist.xml; path = Info.plist; sourceTree = "<group>"; };
		28156DDE210722F00076D03D /* TaskCell.swift */ = {isa = PBXFileReference; lastKnownFileType = sourcecode.swift; path = TaskCell.swift; sourceTree = "<group>"; };
		28156DDF210722F00076D03D /* TaskCell.xib */ = {isa = PBXFileReference; lastKnownFileType = file.xib; path = TaskCell.xib; sourceTree = "<group>"; };
		28156DE2210723000076D03D /* CollectionViewController.swift */ = {isa = PBXFileReference; lastKnownFileType = sourcecode.swift; path = CollectionViewController.swift; sourceTree = "<group>"; };
		28156DE4210723C10076D03D /* TaskCell2.swift */ = {isa = PBXFileReference; lastKnownFileType = sourcecode.swift; path = TaskCell2.swift; sourceTree = "<group>"; };
		287D76C1210726B60015EF46 /* CusCollectionViewCell.swift */ = {isa = PBXFileReference; lastKnownFileType = sourcecode.swift; path = CusCollectionViewCell.swift; sourceTree = "<group>"; };
/* End PBXFileReference section */

/* Begin PBXFrameworksBuildPhase section */
		28156DC6210722A90076D03D /* Frameworks */ = {
			isa = PBXFrameworksBuildPhase;
			buildActionMask = 2147483647;
			files = (
			);
			runOnlyForDeploymentPostprocessing = 0;
		};
/* End PBXFrameworksBuildPhase section */

/* Begin PBXGroup section */
		28156DC0210722A90076D03D = {
			isa = PBXGroup;
			children = (
				28156DCB210722A90076D03D /* jvhjvkbkjv */,
				28156DCA210722A90076D03D /* Products */,
			);
			sourceTree = "<group>";
		};
		28156DCA210722A90076D03D /* Products */ = {
			isa = PBXGroup;
			children = (
				28156DC9210722A90076D03D /* jvhjvkbkjv.app */,
			);
			name = Products;
			sourceTree = "<group>";
		};
		28156DCB210722A90076D03D /* jvhjvkbkjv */ = {
			isa = PBXGroup;
			children = (
				28156DCC210722A90076D03D /* AppDelegate.swift */,
				28156DE2210723000076D03D /* CollectionViewController.swift */,
				287D76C1210726B60015EF46 /* CusCollectionViewCell.swift */,
				28156DDE210722F00076D03D /* TaskCell.swift */,
				28156DE4210723C10076D03D /* TaskCell2.swift */,
				28156DDF210722F00076D03D /* TaskCell.xib */,
				28156DD0210722A90076D03D /* Main.storyboard */,
				28156DD3210722AA0076D03D /* Assets.xcassets */,
				28156DD5210722AA0076D03D /* LaunchScreen.storyboard */,
				28156DD8210722AA0076D03D /* Info.plist */,
			);
			path = jvhjvkbkjv;
			sourceTree = "<group>";
		};
/* End PBXGroup section */

/* Begin PBXNativeTarget section */
		28156DC8210722A90076D03D /* jvhjvkbkjv */ = {
			isa = PBXNativeTarget;
			buildConfigurationList = 28156DDB210722AA0076D03D /* Build configuration list for PBXNativeTarget "jvhjvkbkjv" */;
			buildPhases = (
				28156DC5210722A90076D03D /* Sources */,
				28156DC6210722A90076D03D /* Frameworks */,
				28156DC7210722A90076D03D /* Resources */,
			);
			buildRules = (
			);
			dependencies = (
			);
			name = jvhjvkbkjv;
			productName = jvhjvkbkjv;
			productReference = 28156DC9210722A90076D03D /* jvhjvkbkjv.app */;
			productType = "com.apple.product-type.application";
		};
/* End PBXNativeTarget section */

/* Begin PBXProject section */
		28156DC1210722A90076D03D /* Project object */ = {
			isa = PBXProject;
			attributes = {
				LastSwiftUpdateCheck = 0940;
				LastUpgradeCheck = 0940;
				ORGANIZATIONNAME = com.hgdhghdgfd;
				TargetAttributes = {
					28156DC8210722A90076D03D = {
						CreatedOnToolsVersion = 9.4;
					};
				};
			};
			buildConfigurationList = 28156DC4210722A90076D03D /* Build configuration list for PBXProject "jvhjvkbkjv" */;
			compatibilityVersion = "Xcode 9.3";
			developmentRegion = en;
			hasScannedForEncodings = 0;
			knownRegions = (
				en,
				Base,
			);
			mainGroup = 28156DC0210722A90076D03D;
			productRefGroup = 28156DCA210722A90076D03D /* Products */;
			projectDirPath = "";
			projectRoot = "";
			targets = (
				28156DC8210722A90076D03D /* jvhjvkbkjv */,
			);
		};
/* End PBXProject section */

/* Begin PBXResourcesBuildPhase section */
		28156DC7210722A90076D03D /* Resources */ = {
			isa = PBXResourcesBuildPhase;
			buildActionMask = 2147483647;
			files = (
				28156DE1210722F00076D03D /* TaskCell.xib in Resources */,
				28156DD7210722AA0076D03D /* LaunchScreen.storyboard in Resources */,
				28156DD4210722AA0076D03D /* Assets.xcassets in Resources */,
				28156DD2210722A90076D03D /* Main.storyboard in Resources */,
			);
			runOnlyForDeploymentPostprocessing = 0;
		};
/* End PBXResourcesBuildPhase section */

/* Begin PBXSourcesBuildPhase section */
		28156DC5210722A90076D03D /* Sources */ = {
			isa = PBXSourcesBuildPhase;
			buildActionMask = 2147483647;
			files = (
				28156DE3210723000076D03D /* CollectionViewController.swift in Sources */,
				28156DE0210722F00076D03D /* TaskCell.swift in Sources */,
				28156DCD210722A90076D03D /* AppDelegate.swift in Sources */,
				287D76C2210726B60015EF46 /* CusCollectionViewCell.swift in Sources */,
				28156DE5210723C10076D03D /* TaskCell2.swift in Sources */,
			);
			runOnlyForDeploymentPostprocessing = 0;
		};
/* End PBXSourcesBuildPhase section */

/* Begin PBXVariantGroup section */
		28156DD0210722A90076D03D /* Main.storyboard */ = {
			isa = PBXVariantGroup;
			children = (
				28156DD1210722A90076D03D /* Base */,
			);
			name = Main.storyboard;
			sourceTree = "<group>";
		};
		28156DD5210722AA0076D03D /* LaunchScreen.storyboard */ = {
			isa = PBXVariantGroup;
			children = (
				28156DD6210722AA0076D03D /* Base */,
			);
			name = LaunchScreen.storyboard;
			sourceTree = "<group>";
		};
/* End PBXVariantGroup section */

/* Begin XCBuildConfiguration section */
		28156DD9210722AA0076D03D /* Debug */ = {
			isa = XCBuildConfiguration;
			buildSettings = {
				ALWAYS_SEARCH_USER_PATHS = NO;
				CLANG_ANALYZER_NONNULL = YES;
				CLANG_ANALYZER_NUMBER_OBJECT_CONVERSION = YES_AGGRESSIVE;
				CLANG_CXX_LANGUAGE_STANDARD = "gnu++14";
				CLANG_CXX_LIBRARY = "libc++";
				CLANG_ENABLE_MODULES = YES;
				CLANG_ENABLE_OBJC_ARC = YES;
				CLANG_ENABLE_OBJC_WEAK = YES;
				CLANG_WARN_BLOCK_CAPTURE_AUTORELEASING = YES;
				CLANG_WARN_BOOL_CONVERSION = YES;
				CLANG_WARN_COMMA = YES;
				CLANG_WARN_CONSTANT_CONVERSION = YES;
				CLANG_WARN_DEPRECATED_OBJC_IMPLEMENTATIONS = YES;
				CLANG_WARN_DIRECT_OBJC_ISA_USAGE = YES_ERROR;
				CLANG_WARN_DOCUMENTATION_COMMENTS = YES;
				CLANG_WARN_EMPTY_BODY = YES;
				CLANG_WARN_ENUM_CONVERSION = YES;
				CLANG_WARN_INFINITE_RECURSION = YES;
				CLANG_WARN_INT_CONVERSION = YES;
				CLANG_WARN_NON_LITERAL_NULL_CONVERSION = YES;
				CLANG_WARN_OBJC_IMPLICIT_RETAIN_SELF = YES;
				CLANG_WARN_OBJC_LITERAL_CONVERSION = YES;
				CLANG_WARN_OBJC_ROOT_CLASS = YES_ERROR;
				CLANG_WARN_RANGE_LOOP_ANALYSIS = YES;
				CLANG_WARN_STRICT_PROTOTYPES = YES;
				CLANG_WARN_SUSPICIOUS_MOVE = YES;
				CLANG_WARN_UNGUARDED_AVAILABILITY = YES_AGGRESSIVE;
				CLANG_WARN_UNREACHABLE_CODE = YES;
				CLANG_WARN__DUPLICATE_METHOD_MATCH = YES;
				CODE_SIGN_IDENTITY = "iPhone Developer";
				COPY_PHASE_STRIP = NO;
				DEBUG_INFORMATION_FORMAT = dwarf;
				ENABLE_STRICT_OBJC_MSGSEND = YES;
				ENABLE_TESTABILITY = YES;
				GCC_C_LANGUAGE_STANDARD = gnu11;
				GCC_DYNAMIC_NO_PIC = NO;
				GCC_NO_COMMON_BLOCKS = YES;
				GCC_OPTIMIZATION_LEVEL = 0;
				GCC_PREPROCESSOR_DEFINITIONS = (
					"DEBUG=1",
					"$(inherited)",
				);
				GCC_WARN_64_TO_32_BIT_CONVERSION = YES;
				GCC_WARN_ABOUT_RETURN_TYPE = YES_ERROR;
				GCC_WARN_UNDECLARED_SELECTOR = YES;
				GCC_WARN_UNINITIALIZED_AUTOS = YES_AGGRESSIVE;
				GCC_WARN_UNUSED_FUNCTION = YES;
				GCC_WARN_UNUSED_VARIABLE = YES;
				IPHONEOS_DEPLOYMENT_TARGET = 11.4;
				MTL_ENABLE_DEBUG_INFO = YES;
				ONLY_ACTIVE_ARCH = YES;
				SDKROOT = iphoneos;
				SWIFT_ACTIVE_COMPILATION_CONDITIONS = DEBUG;
				SWIFT_OPTIMIZATION_LEVEL = "-Onone";
			};
			name = Debug;
		};
		28156DDA210722AA0076D03D /* Release */ = {
			isa = XCBuildConfiguration;
			buildSettings = {
				ALWAYS_SEARCH_USER_PATHS = NO;
				CLANG_ANALYZER_NONNULL = YES;
				CLANG_ANALYZER_NUMBER_OBJECT_CONVERSION = YES_AGGRESSIVE;
				CLANG_CXX_LANGUAGE_STANDARD = "gnu++14";
				CLANG_CXX_LIBRARY = "libc++";
				CLANG_ENABLE_MODULES = YES;
				CLANG_ENABLE_OBJC_ARC = YES;
				CLANG_ENABLE_OBJC_WEAK = YES;
				CLANG_WARN_BLOCK_CAPTURE_AUTORELEASING = YES;
				CLANG_WARN_BOOL_CONVERSION = YES;
				CLANG_WARN_COMMA = YES;
				CLANG_WARN_CONSTANT_CONVERSION = YES;
				CLANG_WARN_DEPRECATED_OBJC_IMPLEMENTATIONS = YES;
				CLANG_WARN_DIRECT_OBJC_ISA_USAGE = YES_ERROR;
				CLANG_WARN_DOCUMENTATION_COMMENTS = YES;
				CLANG_WARN_EMPTY_BODY = YES;
				CLANG_WARN_ENUM_CONVERSION = YES;
				CLANG_WARN_INFINITE_RECURSION = YES;
				CLANG_WARN_INT_CONVERSION = YES;
				CLANG_WARN_NON_LITERAL_NULL_CONVERSION = YES;
				CLANG_WARN_OBJC_IMPLICIT_RETAIN_SELF = YES;
				CLANG_WARN_OBJC_LITERAL_CONVERSION = YES;
				CLANG_WARN_OBJC_ROOT_CLASS = YES_ERROR;
				CLANG_WARN_RANGE_LOOP_ANALYSIS = YES;
				CLANG_WARN_STRICT_PROTOTYPES = YES;
				CLANG_WARN_SUSPICIOUS_MOVE = YES;
				CLANG_WARN_UNGUARDED_AVAILABILITY = YES_AGGRESSIVE;
				CLANG_WARN_UNREACHABLE_CODE = YES;
				CLANG_WARN__DUPLICATE_METHOD_MATCH = YES;
				CODE_SIGN_IDENTITY = "iPhone Developer";
				COPY_PHASE_STRIP = NO;
				DEBUG_INFORMATION_FORMAT = "dwarf-with-dsym";
				ENABLE_NS_ASSERTIONS = NO;
				ENABLE_STRICT_OBJC_MSGSEND = YES;
				GCC_C_LANGUAGE_STANDARD = gnu11;
				GCC_NO_COMMON_BLOCKS = YES;
				GCC_WARN_64_TO_32_BIT_CONVERSION = YES;
				GCC_WARN_ABOUT_RETURN_TYPE = YES_ERROR;
				GCC_WARN_UNDECLARED_SELECTOR = YES;
				GCC_WARN_UNINITIALIZED_AUTOS = YES_AGGRESSIVE;
				GCC_WARN_UNUSED_FUNCTION = YES;
				GCC_WARN_UNUSED_VARIABLE = YES;
				IPHONEOS_DEPLOYMENT_TARGET = 11.4;
				MTL_ENABLE_DEBUG_INFO = NO;
				SDKROOT = iphoneos;
				SWIFT_COMPILATION_MODE = wholemodule;
				SWIFT_OPTIMIZATION_LEVEL = "-O";
				VALIDATE_PRODUCT = YES;
			};
			name = Release;
		};
		28156DDC210722AA0076D03D /* Debug */ = {
			isa = XCBuildConfiguration;
			buildSettings = {
				ASSETCATALOG_COMPILER_APPICON_NAME = AppIcon;
				CODE_SIGN_STYLE = Automatic;
				INFOPLIST_FILE = jvhjvkbkjv/Info.plist;
				LD_RUNPATH_SEARCH_PATHS = (
					"$(inherited)",
					"@executable_path/Frameworks",
				);
				PRODUCT_BUNDLE_IDENTIFIER = dfjhhj.jvhjvkbkjv;
				PRODUCT_NAME = "$(TARGET_NAME)";
				SWIFT_VERSION = 4.0;
				TARGETED_DEVICE_FAMILY = "1,2";
			};
			name = Debug;
		};
		28156DDD210722AA0076D03D /* Release */ = {
			isa = XCBuildConfiguration;
			buildSettings = {
				ASSETCATALOG_COMPILER_APPICON_NAME = AppIcon;
				CODE_SIGN_STYLE = Automatic;
				INFOPLIST_FILE = jvhjvkbkjv/Info.plist;
				LD_RUNPATH_SEARCH_PATHS = (
					"$(inherited)",
					"@executable_path/Frameworks",
				);
				PRODUCT_BUNDLE_IDENTIFIER = dfjhhj.jvhjvkbkjv;
				PRODUCT_NAME = "$(TARGET_NAME)";
				SWIFT_VERSION = 4.0;
				TARGETED_DEVICE_FAMILY = "1,2";
			};
			name = Release;
		};
/* End XCBuildConfiguration section */

/* Begin XCConfigurationList section */
		28156DC4210722A90076D03D /* Build configuration list for PBXProject "jvhjvkbkjv" */ = {
			isa = XCConfigurationList;
			buildConfigurations = (
				28156DD9210722AA0076D03D /* Debug */,
				28156DDA210722AA0076D03D /* Release */,
			);
			defaultConfigurationIsVisible = 0;
			defaultConfigurationName = Release;
		};
		28156DDB210722AA0076D03D /* Build configuration list for PBXNativeTarget "jvhjvkbkjv" */ = {
			isa = XCConfigurationList;
			buildConfigurations = (
				28156DDC210722AA0076D03D /* Debug */,
				28156DDD210722AA0076D03D /* Release */,
			);
			defaultConfigurationIsVisible = 0;
			defaultConfigurationName = Release;
		};
/* End XCConfigurationList section */
	};
	rootObject = 28156DC1210722A90076D03D /* Project object */;
}
